
Microsoft Visual Studio Solution File, Format Version 12.00
# Visual Studio Version 16
VisualStudioVersion = 16.0.29519.181
MinimumVisualStudioVersion = 10.0.40219.1
Project("{FAE04EC0-301F-11D3-BF4B-00C04F79EFBC}") = "dlcs-user-documentation", "dlcs-user-documentation\dlcs-user-documentation.csproj", "{C07EF3C6-A10E-4FFE-91F9-0925E7F23546}"
EndProject
Global
	GlobalSection(SolutionConfigurationPlatforms) = preSolution
		Debug|Any CPU = Debug|Any CPU
		Release|Any CPU = Release|Any CPU
	EndGlobalSection
	GlobalSection(ProjectConfigurationPlatforms) = postSolution
		{C07EF3C6-A10E-4FFE-91F9-0925E7F23546}.Debug|Any CPU.ActiveCfg = Debug|Any CPU
		{C07EF3C6-A10E-4FFE-91F9-0925E7F23546}.Debug|Any CPU.Build.0 = Debug|Any CPU
		{C07EF3C6-A10E-4FFE-91F9-0925E7F23546}.Release|Any CPU.ActiveCfg = Release|Any CPU
		{C07EF3C6-A10E-4FFE-91F9-0925E7F23546}.Release|Any CPU.Build.0 = Release|Any CPU
	EndGlobalSection
	GlobalSection(SolutionProperties) = preSolution
		HideSolutionNode = FALSE
	EndGlobalSection
	GlobalSection(ExtensibilityGlobals) = postSolution
		SolutionGuid = {8C780448-DDE2-4063-98B2-CD94B4E88640}
	EndGlobalSection
EndGlobal
